Microsoft Visual Studio Solution File, Format Version 12.00
# Visual Studio Version 17
VisualStudioVersion = 17.0.31314.256
MinimumVisualStudioVersion = 10.0.40219.1
Project("{2150E333-8FDC-42A3-9474-1A3956D46DE8}") = "Flax", "Flax", "{4A9912BA-E9B3-40E7-AC41-62495C779082}"
EndProject
Project("{2150E333-8FDC-42A3-9474-1A3956D46DE8}") = "Tools", "Flax/Tools", "{64736B84-9BB6-480C-A8EC-14FA1D83870C}"
EndProject
Project("{8BC9CEB8-8B4A-11D0-8D11-00A0C91BC942}") = "shadowmapping", "Cache\Projects\shadowmapping.vcxproj", "{1B1DFCB8-A8C4-44EE-AE20-A4FCCAE7E6A7}"
EndProject
Project("{FAE04EC0-301F-11D3-BF4B-00C04F79EFBC}") = "FlaxEngine", "Cache\Projects\FlaxEngine.csproj", "{445C343E-7267-4DC9-A288-A31E145E7E41}"
EndProject
Project("{FAE04EC0-301F-11D3-BF4B-00C04F79EFBC}") = "Flax.Build", "..\..\..\..\flaxengine\Source\Tools\Flax.Build\Flax.Build.csproj", "{64B08CEB-1254-4579-BED8-35A1643062FB}"
EndProject
Project("{FAE04EC0-301F-11D3-BF4B-00C04F79EFBC}") = "Flax.Build.Tests", "..\..\..\..\flaxengine\Source\Tools\Flax.Build.Tests\Flax.Build.Tests.csproj", "{FB3B9A6C-90EB-496D-BCEB-064755BCCC3E}"
EndProject
Project("{8BC9CEB8-8B4A-11D0-8D11-00A0C91BC942}") = "Flax", "Cache\Projects\Flax.vcxproj", "{A01F0794-690B-4DC9-82E2-84684B0BC59B}"
EndProject
Project("{FAE04EC0-301F-11D3-BF4B-00C04F79EFBC}") = "Game", "Source\Game.csproj", "{7704C800-87EE-4FA9-B7EF-072EF585D1D8}"
	ProjectSection(ProjectDependencies) = postProject
		{445C343E-7267-4DC9-A288-A31E145E7E41} = {445C343E-7267-4DC9-A288-A31E145E7E41}
	EndProjectSection
EndProject
Project("{FAE04EC0-301F-11D3-BF4B-00C04F79EFBC}") = "BuildScripts", "Cache\Projects\BuildScripts.csproj", "{C56008D3-EBC2-4B26-9D48-58CB6F4CAE04}"
EndProject
Global
	GlobalSection(SolutionConfigurationPlatforms) = preSolution
		Editor.Debug|Win64 = Editor.Debug|Win64
		Editor.Development|Win64 = Editor.Development|Win64
		Editor.Release|Win64 = Editor.Release|Win64
		Game.Debug|Win64 = Game.Debug|Win64
		Game.Development|Win64 = Game.Development|Win64
		Game.Release|Win64 = Game.Release|Win64
		Tests.Development|Win64 = Tests.Development|Win64
	EndGlobalSection
	GlobalSection(ProjectConfigurationPlatforms) = postSolution
		{1B1DFCB8-A8C4-44EE-AE20-A4FCCAE7E6A7}.Editor.Debug|Win64.ActiveCfg = Editor.Windows.Debug|x64
		{1B1DFCB8-A8C4-44EE-AE20-A4FCCAE7E6A7}.Editor.Debug|Win64.Build.0 = Editor.Windows.Debug|x64
		{1B1DFCB8-A8C4-44EE-AE20-A4FCCAE7E6A7}.Editor.Development|Win64.ActiveCfg = Editor.Windows.Development|x64
		{1B1DFCB8-A8C4-44EE-AE20-A4FCCAE7E6A7}.Editor.Development|Win64.Build.0 = Editor.Windows.Development|x64
		{1B1DFCB8-A8C4-44EE-AE20-A4FCCAE7E6A7}.Editor.Release|Win64.ActiveCfg = Editor.Windows.Release|x64
		{1B1DFCB8-A8C4-44EE-AE20-A4FCCAE7E6A7}.Editor.Release|Win64.Build.0 = Editor.Windows.Release|x64
		{1B1DFCB8-A8C4-44EE-AE20-A4FCCAE7E6A7}.Game.Debug|Win64.ActiveCfg = Game.Windows.Debug|x64
		{1B1DFCB8-A8C4-44EE-AE20-A4FCCAE7E6A7}.Game.Debug|Win64.Build.0 = Game.Windows.Debug|x64
		{1B1DFCB8-A8C4-44EE-AE20-A4FCCAE7E6A7}.Game.Development|Win64.ActiveCfg = Game.Windows.Development|x64
		{1B1DFCB8-A8C4-44EE-AE20-A4FCCAE7E6A7}.Game.Development|Win64.Build.0 = Game.Windows.Development|x64
		{1B1DFCB8-A8C4-44EE-AE20-A4FCCAE7E6A7}.Game.Release|Win64.ActiveCfg = Game.Windows.Release|x64
		{1B1DFCB8-A8C4-44EE-AE20-A4FCCAE7E6A7}.Game.Release|Win64.Build.0 = Game.Windows.Release|x64
		{1B1DFCB8-A8C4-44EE-AE20-A4FCCAE7E6A7}.Tests.Development|Win64.ActiveCfg = Editor.Windows.Debug|x64
		{445C343E-7267-4DC9-A288-A31E145E7E41}.Editor.Debug|Win64.ActiveCfg = Editor.Windows.Debug|x64
		{445C343E-7267-4DC9-A288-A31E145E7E41}.Editor.Debug|Win64.Build.0 = Editor.Windows.Debug|x64
		{445C343E-7267-4DC9-A288-A31E145E7E41}.Editor.Development|Win64.ActiveCfg = Editor.Windows.Development|x64
		{445C343E-7267-4DC9-A288-A31E145E7E41}.Editor.Development|Win64.Build.0 = Editor.Windows.Development|x64
		{445C343E-7267-4DC9-A288-A31E145E7E41}.Editor.Release|Win64.ActiveCfg = Editor.Windows.Release|x64
		{445C343E-7267-4DC9-A288-A31E145E7E41}.Editor.Release|Win64.Build.0 = Editor.Windows.Release|x64
		{445C343E-7267-4DC9-A288-A31E145E7E41}.Game.Debug|Win64.ActiveCfg = Game.Windows.Debug|x64
		{445C343E-7267-4DC9-A288-A31E145E7E41}.Game.Debug|Win64.Build.0 = Game.Windows.Debug|x64
		{445C343E-7267-4DC9-A288-A31E145E7E41}.Game.Development|Win64.ActiveCfg = Game.Windows.Development|x64
		{445C343E-7267-4DC9-A288-A31E145E7E41}.Game.Development|Win64.Build.0 = Game.Windows.Development|x64
		{445C343E-7267-4DC9-A288-A31E145E7E41}.Game.Release|Win64.ActiveCfg = Game.Windows.Release|x64
		{445C343E-7267-4DC9-A288-A31E145E7E41}.Game.Release|Win64.Build.0 = Game.Windows.Release|x64
		{445C343E-7267-4DC9-A288-A31E145E7E41}.Tests.Development|Win64.ActiveCfg = Tests.Windows.Development|x64
		{445C343E-7267-4DC9-A288-A31E145E7E41}.Tests.Development|Win64.Build.0 = Tests.Windows.Development|x64
		{64B08CEB-1254-4579-BED8-35A1643062FB}.Editor.Debug|Win64.ActiveCfg = Debug|Any CPU
		{64B08CEB-1254-4579-BED8-35A1643062FB}.Editor.Development|Win64.ActiveCfg = Debug|Any CPU
		{64B08CEB-1254-4579-BED8-35A1643062FB}.Editor.Release|Win64.ActiveCfg = Debug|Any CPU
		{64B08CEB-1254-4579-BED8-35A1643062FB}.Game.Debug|Win64.ActiveCfg = Debug|Any CPU
		{64B08CEB-1254-4579-BED8-35A1643062FB}.Game.Development|Win64.ActiveCfg = Debug|Any CPU
		{64B08CEB-1254-4579-BED8-35A1643062FB}.Game.Release|Win64.ActiveCfg = Debug|Any CPU
		{64B08CEB-1254-4579-BED8-35A1643062FB}.Tests.Development|Win64.ActiveCfg = Debug|Any CPU
		{FB3B9A6C-90EB-496D-BCEB-064755BCCC3E}.Editor.Debug|Win64.ActiveCfg = Debug|Any CPU
		{FB3B9A6C-90EB-496D-BCEB-064755BCCC3E}.Editor.Development|Win64.ActiveCfg = Debug|Any CPU
		{FB3B9A6C-90EB-496D-BCEB-064755BCCC3E}.Editor.Release|Win64.ActiveCfg = Debug|Any CPU
		{FB3B9A6C-90EB-496D-BCEB-064755BCCC3E}.Game.Debug|Win64.ActiveCfg = Debug|Any CPU
		{FB3B9A6C-90EB-496D-BCEB-064755BCCC3E}.Game.Development|Win64.ActiveCfg = Debug|Any CPU
		{FB3B9A6C-90EB-496D-BCEB-064755BCCC3E}.Game.Release|Win64.ActiveCfg = Debug|Any CPU
		{FB3B9A6C-90EB-496D-BCEB-064755BCCC3E}.Tests.Development|Win64.ActiveCfg = Debug|Any CPU
		{A01F0794-690B-4DC9-82E2-84684B0BC59B}.Editor.Debug|Win64.ActiveCfg = Editor.Windows.Debug|x64
		{A01F0794-690B-4DC9-82E2-84684B0BC59B}.Editor.Development|Win64.ActiveCfg = Editor.Windows.Development|x64
		{A01F0794-690B-4DC9-82E2-84684B0BC59B}.Editor.Release|Win64.ActiveCfg = Editor.Windows.Release|x64
		{A01F0794-690B-4DC9-82E2-84684B0BC59B}.Game.Debug|Win64.ActiveCfg = Game.Windows.Debug|x64
		{A01F0794-690B-4DC9-82E2-84684B0BC59B}.Game.Development|Win64.ActiveCfg = Game.Windows.Development|x64
		{A01F0794-690B-4DC9-82E2-84684B0BC59B}.Game.Release|Win64.ActiveCfg = Game.Windows.Release|x64
		{A01F0794-690B-4DC9-82E2-84684B0BC59B}.Tests.Development|Win64.ActiveCfg = Tests.Windows.Development|x64
		{7704C800-87EE-4FA9-B7EF-072EF585D1D8}.Editor.Debug|Win64.ActiveCfg = Editor.Windows.Debug|x64
		{7704C800-87EE-4FA9-B7EF-072EF585D1D8}.Editor.Debug|Win64.Build.0 = Editor.Windows.Debug|x64
		{7704C800-87EE-4FA9-B7EF-072EF585D1D8}.Editor.Development|Win64.ActiveCfg = Editor.Windows.Development|x64
		{7704C800-87EE-4FA9-B7EF-072EF585D1D8}.Editor.Development|Win64.Build.0 = Editor.Windows.Development|x64
		{7704C800-87EE-4FA9-B7EF-072EF585D1D8}.Editor.Release|Win64.ActiveCfg = Editor.Windows.Release|x64
		{7704C800-87EE-4FA9-B7EF-072EF585D1D8}.Editor.Release|Win64.Build.0 = Editor.Windows.Release|x64
		{7704C800-87EE-4FA9-B7EF-072EF585D1D8}.Game.Debug|Win64.ActiveCfg = Game.Windows.Debug|x64
		{7704C800-87EE-4FA9-B7EF-072EF585D1D8}.Game.Debug|Win64.Build.0 = Game.Windows.Debug|x64
		{7704C800-87EE-4FA9-B7EF-072EF585D1D8}.Game.Development|Win64.ActiveCfg = Game.Windows.Development|x64
		{7704C800-87EE-4FA9-B7EF-072EF585D1D8}.Game.Development|Win64.Build.0 = Game.Windows.Development|x64
		{7704C800-87EE-4FA9-B7EF-072EF585D1D8}.Game.Release|Win64.ActiveCfg = Game.Windows.Release|x64
		{7704C800-87EE-4FA9-B7EF-072EF585D1D8}.Game.Release|Win64.Build.0 = Game.Windows.Release|x64
		{7704C800-87EE-4FA9-B7EF-072EF585D1D8}.Tests.Development|Win64.ActiveCfg = Editor.Windows.Debug|x64
		{C56008D3-EBC2-4B26-9D48-58CB6F4CAE04}.Editor.Debug|Win64.ActiveCfg = Debug|Any CPU
		{C56008D3-EBC2-4B26-9D48-58CB6F4CAE04}.Editor.Development|Win64.ActiveCfg = Debug|Any CPU
		{C56008D3-EBC2-4B26-9D48-58CB6F4CAE04}.Editor.Release|Win64.ActiveCfg = Debug|Any CPU
		{C56008D3-EBC2-4B26-9D48-58CB6F4CAE04}.Game.Debug|Win64.ActiveCfg = Debug|Any CPU
		{C56008D3-EBC2-4B26-9D48-58CB6F4CAE04}.Game.Development|Win64.ActiveCfg = Debug|Any CPU
		{C56008D3-EBC2-4B26-9D48-58CB6F4CAE04}.Game.Release|Win64.ActiveCfg = Debug|Any CPU
		{C56008D3-EBC2-4B26-9D48-58CB6F4CAE04}.Tests.Development|Win64.ActiveCfg = Debug|Any CPU
	EndGlobalSection
	GlobalSection(SolutionProperties) = preSolution
		HideSolutionNode = FALSE
	EndGlobalSection
	GlobalSection(NestedProjects) = preSolution
		{64736B84-9BB6-480C-A8EC-14FA1D83870C} = {4A9912BA-E9B3-40E7-AC41-62495C779082}
		{445C343E-7267-4DC9-A288-A31E145E7E41} = {4A9912BA-E9B3-40E7-AC41-62495C779082}
		{64B08CEB-1254-4579-BED8-35A1643062FB} = {64736B84-9BB6-480C-A8EC-14FA1D83870C}
		{FB3B9A6C-90EB-496D-BCEB-064755BCCC3E} = {64736B84-9BB6-480C-A8EC-14FA1D83870C}
		{A01F0794-690B-4DC9-82E2-84684B0BC59B} = {4A9912BA-E9B3-40E7-AC41-62495C779082}
	EndGlobalSection
	GlobalSection(ExtensibilityGlobals) = postSolution
		SolutionGuid = {EC340E66-346A-468E-86FA-F480C413E9C8}
	EndGlobalSection
EndGlobal
